{
  "lockfileVersion": 2,
  "configVersion": 1,
  "workspaces": {
    "": {
      "name": "appkit-scaffold",
    },
    ".app-stack/packages/cli": {
      "name": "@appstack/cli",
      "version": "0.0.0",
      "bin": {
        "blitzpi-run": "./src/run.ts",
      },
      "dependencies": {
        "@appstack/core": "workspace:*",
        "@appstack/ui": "workspace:*",
      },
    },
    ".app-stack/packages/core": {
      "name": "@appstack/core",
      "version": "0.0.0",
      "dependencies": {
        "ajv": "^8.20.0",
        "ajv-formats": "^3.0.1",
        "jexl": "^2.3.0",
        "kysely": "0.29.5",
      },
    },
    ".app-stack/packages/desktop": {
      "name": "@appstack/desktop",
      "version": "0.0.0",
      "dependencies": {
        "@appstack/core": "workspace:*",
      },
    },
    ".app-stack/packages/ui": {
      "name": "@appstack/ui",
      "version": "1.2.0",
    },
  },
  "packages": {
    "@appstack/cli": ["@appstack/cli@workspace:.app-stack/packages/cli"],

    "@appstack/core": ["@appstack/core@workspace:.app-stack/packages/core"],

    "@appstack/desktop": ["@appstack/desktop@workspace:.app-stack/packages/desktop"],

    "@appstack/ui": ["@appstack/ui@workspace:.app-stack/packages/ui"],

    "@babel/runtime": ["@babel/runtime@7.29.7", "", {}, "sha512-Nq8OhGWiZIZGV6hLHoyAKLLcJihP/xFeBMGJoUrxTX2psI8dCifzLhZISFb+VWS3wFMRDmCGw5R+dOySCqPLhw=="],

    "ajv": ["ajv@8.20.0", "", { "dependencies": { "fast-deep-equal": "^3.1.3", "fast-uri": "^3.0.1", "json-schema-traverse": "^1.0.0", "require-from-string": "^2.0.2" } }, "sha512-Thbli+OlOj+iMPYFBVBfJ3OmCAnaSyNn4M1vz9T6Gka5Jt9ba/HIR56joy65tY6kx/FCF5VXNB819Y7/GUrBGA=="],

    "ajv-formats": ["ajv-formats@3.0.1", "", { "dependencies": { "ajv": "^8.0.0" } }, "sha512-8iUql50EUR+uUcdRQ3HDqa6EVyo3docL8g5WJ3FNcWmu62IbkGUue/pEyLBW8VGKKucTPgqeks4fIU1DA4yowQ=="],

    "fast-deep-equal": ["fast-deep-equal@3.1.3", "", {}, "sha512-f3qQ9oQy9j2AhBe/H9VC91wLmKBCCU/gDOnKNAYG5hswO7BLKj09Hc5HYNz9cGI++xlpDCIgDaitVs03ATR84Q=="],

    "fast-uri": ["fast-uri@3.1.8", "", {}, "sha512-GZMtZUTNRpOVIECoXwLNZS5xUGE+mVNbTB8h/7Rwh2TFWcBQiPzTgyZi05BF9UMZKkLJv8XBRJTlU7zg8+ZfMg=="],

    "jexl": ["jexl@2.3.0", "", { "dependencies": { "@babel/runtime": "^7.10.2" } }, "sha512-ecqln4kTWNkMwbFvTukOMDq1jy1GcPzvshhMp/s4pxU86xdLDq7HbDRa87DfMfbSAOS8V6EwvCdfs0S+w/iycA=="],

    "json-schema-traverse": ["json-schema-traverse@1.0.0", "", {}, "sha512-NM8/P9n3XjXhIZn1lLhkFaACTOURQXjWhV4BA/RnOv8xvgqtqpAX9IO4mRQxSx1Rlo4tqzeqb0sOlruaOy3dug=="],

    "kysely": ["kysely@0.29.5", "", {}, "sha512-ooa+eSbBNPTo3MycPEuW5jdrxQdQwdtB3LC3h43FiXQbIry5tR0C5lDG7eealK0E4D7XjrnOP5DIUg/LyjRMYQ=="],

    "require-from-string": ["require-from-string@2.0.2", "", {}, "sha512-Xf0nWe6RseziFMu+Ap9biiUbmplq6S9/p+7w7YXP/JBHhrUDDUhwa+vANyubuqfZWTveU//DYVGsDG7RKL/vEw=="],
  }
}
